
Microsoft Visual Studio Solution File, Format Version 12.00
# Visual Studio Version 17
VisualStudioVersion = 17.14.37328.6 d17.14
MinimumVisualStudioVersion = 10.0.40219.1
Project("{FAE04EC0-301F-11D3-BF4B-00C04F79EFBC}") = "FileOnce", "FileOnce.csproj", "{B2E0B963-6296-41FD-A6CA-2B50CD50FF7A}"
EndProject
Global
	GlobalSection(SolutionConfigurationPlatforms) = preSolution
		Debug|Any CPU = Debug|Any CPU
		Release|Any CPU = Release|Any CPU
	EndGlobalSection
	GlobalSection(ProjectConfigurationPlatforms) = postSolution
		{B2E0B963-6296-41FD-A6CA-2B50CD50FF7A}.Debug|Any CPU.ActiveCfg = Debug|Any CPU
		{B2E0B963-6296-41FD-A6CA-2B50CD50FF7A}.Debug|Any CPU.Build.0 = Debug|Any CPU
		{B2E0B963-6296-41FD-A6CA-2B50CD50FF7A}.Release|Any CPU.ActiveCfg = Release|Any CPU
		{B2E0B963-6296-41FD-A6CA-2B50CD50FF7A}.Release|Any CPU.Build.0 = Release|Any CPU
	EndGlobalSection
	GlobalSection(SolutionProperties) = preSolution
		HideSolutionNode = FALSE
	EndGlobalSection
	GlobalSection(ExtensibilityGlobals) = postSolution
		SolutionGuid = {CD9B0F94-C360-4456-A876-033640D8D034}
	EndGlobalSection
EndGlobal
